<?xml version="1.0" encoding="utf-8"?>
<Project ToolsVersion="4.0" xmlns="http://schemas.microsoft.com/developer/msbuild/2003">
  <ItemGroup>
    <Filter Include="Source Files">
      <UniqueIdentifier>{f217fd11-9f47-4533-8945-c6b7af898b8b}</UniqueIdentifier>
      <Extensions>cpp;c;cxx;rc;def;r;odl;hpj;bat;for;f90</Extensions>
    </Filter>
    <Filter Include="Header Files">
      <UniqueIdentifier>{bb38853c-d902-4d1d-89db-155a0a74621e}</UniqueIdentifier>
      <Extensions>h;hpp;hxx;hm;inl;fi;fd</Extensions>
    </Filter>
    <Filter Include="Resource Files">
      <UniqueIdentifier>{c7f0a1b6-5bb0-4b9e-9cdb-2971d720d11b}</UniqueIdentifier>
      <Extensions>ico;cur;bmp;dlg;rc2;rct;bin;cnt;rtf;gif;jpg;jpeg;jpe</Extensions>
    </Filter>
  </ItemGroup>
  <ItemGroup>
    <ClCompile Include="ai_cast.c">
      <Filter>Source Files</Filter>
    </ClCompile>
    <ClCompile Include="ai_cast_characters.c">
      <Filter>Source Files</Filter>
    </ClCompile>
    <ClCompile Include="ai_cast_events.c">
      <Filter>Source Files</Filter>
    </ClCompile>
    <ClCompile Include="ai_cast_fight.c">
      <Filter>Source Files</Filter>
    </ClCompile>
    <ClCompile Include="ai_cast_func_attack.c">
      <Filter>Source Files</Filter>
    </ClCompile>
    <ClCompile Include="ai_cast_func_boss1.c">
      <Filter>Source Files</Filter>
    </ClCompile>
    <ClCompile Include="ai_cast_funcs.c">
      <Filter>Source Files</Filter>
    </ClCompile>
    <ClCompile Include="ai_cast_script.c">
      <Filter>Source Files</Filter>
    </ClCompile>
    <ClCompile Include="ai_cast_sight.c">
      <Filter>Source Files</Filter>
    </ClCompile>
    <ClCompile Include="ai_cast_think.c">
      <Filter>Source Files</Filter>
    </ClCompile>
    <ClCompile Include="..\botai\ai_cmd.c">
      <Filter>Source Files</Filter>
    </ClCompile>
    <ClCompile Include="..\botai\ai_dmgoal_mp.c">
      <Filter>Source Files</Filter>
    </ClCompile>
    <ClCompile Include="..\botai\ai_dmnet_mp.c">
      <Filter>Source Files</Filter>
    </ClCompile>
    <ClCompile Include="..\botai\ai_dmq3.c">
      <Filter>Source Files</Filter>
    </ClCompile>
    <ClCompile Include="..\botai\ai_main.c">
      <Filter>Source Files</Filter>
    </ClCompile>
    <ClCompile Include="..\botai\ai_script.c">
      <Filter>Source Files</Filter>
    </ClCompile>
    <ClCompile Include="..\botai\ai_script_actions.c">
      <Filter>Source Files</Filter>
    </ClCompile>
    <ClCompile Include="..\botai\ai_team.c">
      <Filter>Source Files</Filter>
    </ClCompile>
    <ClCompile Include="bg_animation.c">
      <Filter>Source Files</Filter>
    </ClCompile>
    <ClCompile Include="bg_animgroup.c">
      <Filter>Source Files</Filter>
    </ClCompile>
    <ClCompile Include="bg_campaign.c">
      <Filter>Source Files</Filter>
    </ClCompile>
    <ClCompile Include="bg_character.c">
      <Filter>Source Files</Filter>
    </ClCompile>
    <ClCompile Include="bg_classes.c">
      <Filter>Source Files</Filter>
    </ClCompile>
    <ClCompile Include="bg_lib.c">
      <Filter>Source Files</Filter>
    </ClCompile>
    <ClCompile Include="bg_malloc.c">
      <Filter>Source Files</Filter>
    </ClCompile>
    <ClCompile Include="bg_misc.c">
      <Filter>Source Files</Filter>
    </ClCompile>
    <ClCompile Include="bg_pmove.c">
      <Filter>Source Files</Filter>
    </ClCompile>
    <ClCompile Include="bg_slidemove.c">
      <Filter>Source Files</Filter>
    </ClCompile>
    <ClCompile Include="bg_sscript.c">
      <Filter>Source Files</Filter>
    </ClCompile>
    <ClCompile Include="bg_stats.c">
      <Filter>Source Files</Filter>
    </ClCompile>
    <ClCompile Include="bg_tracemap.c">
      <Filter>Source Files</Filter>
    </ClCompile>
    <ClCompile Include="etpro_mdx.c">
      <Filter>Source Files</Filter>
    </ClCompile>
    <ClCompile Include="g_active.c">
      <Filter>Source Files</Filter>
    </ClCompile>
    <ClCompile Include="g_alarm.c">
      <Filter>Source Files</Filter>
    </ClCompile>
    <ClCompile Include="g_antilag.c">
      <Filter>Source Files</Filter>
    </ClCompile>
    <ClCompile Include="g_bot.c">
      <Filter>Source Files</Filter>
    </ClCompile>
    <ClCompile Include="g_buddy_list.c">
      <Filter>Source Files</Filter>
    </ClCompile>
    <ClCompile Include="g_character.c">
      <Filter>Source Files</Filter>
    </ClCompile>
    <ClCompile Include="g_client.c">
      <Filter>Source Files</Filter>
    </ClCompile>
    <ClCompile Include="g_cmds.c">
      <Filter>Source Files</Filter>
    </ClCompile>
    <ClCompile Include="g_cmds_ext.c">
      <Filter>Source Files</Filter>
    </ClCompile>
    <ClCompile Include="g_combat.c">
      <Filter>Source Files</Filter>
    </ClCompile>
    <ClCompile Include="g_config.c">
      <Filter>Source Files</Filter>
    </ClCompile>
    <ClCompile Include="g_crash.c">
      <Filter>Source Files</Filter>
    </ClCompile>
    <ClCompile Include="g_fireteams.c">
      <Filter>Source Files</Filter>
    </ClCompile>
    <ClCompile Include="g_items.c">
      <Filter>Source Files</Filter>
    </ClCompile>
    <ClCompile Include="g_main.c">
      <Filter>Source Files</Filter>
    </ClCompile>
    <ClCompile Include="g_match.c">
      <Filter>Source Files</Filter>
    </ClCompile>
    <ClCompile Include="g_mem.c">
      <Filter>Source Files</Filter>
    </ClCompile>
    <ClCompile Include="g_misc.c">
      <Filter>Source Files</Filter>
    </ClCompile>
    <ClCompile Include="g_missile.c">
      <Filter>Source Files</Filter>
    </ClCompile>
    <ClCompile Include="g_mover.c">
      <Filter>Source Files</Filter>
    </ClCompile>
    <ClCompile Include="g_multiview.c">
      <Filter>Source Files</Filter>
    </ClCompile>
    <ClCompile Include="g_props.c">
      <Filter>Source Files</Filter>
    </ClCompile>
    <ClCompile Include="g_referee.c">
      <Filter>Source Files</Filter>
    </ClCompile>
    <ClCompile Include="g_save.c">
      <Filter>Source Files</Filter>
    </ClCompile>
    <ClCompile Include="g_script.c">
      <Filter>Source Files</Filter>
    </ClCompile>
    <ClCompile Include="g_script_actions.c">
      <Filter>Source Files</Filter>
    </ClCompile>
    <ClCompile Include="g_session.c">
      <Filter>Source Files</Filter>
    </ClCompile>
    <ClCompile Include="g_shrubbot.c">
      <Filter>Source Files</Filter>
    </ClCompile>
    <ClCompile Include="g_spawn.c">
      <Filter>Source Files</Filter>
    </ClCompile>
    <ClCompile Include="g_stats.c">
      <Filter>Source Files</Filter>
    </ClCompile>
    <ClCompile Include="g_sv_entities.c">
      <Filter>Source Files</Filter>
    </ClCompile>
    <ClCompile Include="g_svcmds.c">
      <Filter>Source Files</Filter>
    </ClCompile>
    <ClCompile Include="g_syscalls.c">
      <Filter>Source Files</Filter>
    </ClCompile>
    <ClCompile Include="g_systemmsg.c">
      <Filter>Source Files</Filter>
    </ClCompile>
    <ClCompile Include="g_target.c">
      <Filter>Source Files</Filter>
    </ClCompile>
    <ClCompile Include="g_team.c">
      <Filter>Source Files</Filter>
    </ClCompile>
    <ClCompile Include="g_teammapdata.c">
      <Filter>Source Files</Filter>
    </ClCompile>
    <ClCompile Include="g_trigger.c">
      <Filter>Source Files</Filter>
    </ClCompile>
    <ClCompile Include="g_unique_entities.c">
      <Filter>Source Files</Filter>
    </ClCompile>
    <ClCompile Include="g_utils.c">
      <Filter>Source Files</Filter>
    </ClCompile>
    <ClCompile Include="g_vote.c">
      <Filter>Source Files</Filter>
    </ClCompile>
    <ClCompile Include="g_weapon.c">
      <Filter>Source Files</Filter>
    </ClCompile>
    <ClCompile Include="g_xpsave.c">
      <Filter>Source Files</Filter>
    </ClCompile>
    <ClCompile Include="npc_ai.c">
      <Filter>Source Files</Filter>
    </ClCompile>
    <ClCompile Include="npc_air_vehicle.c">
      <Filter>Source Files</Filter>
    </ClCompile>
    <ClCompile Include="npc_humanoid.c">
      <Filter>Source Files</Filter>
    </ClCompile>
    <ClCompile Include="om_flagsys.c">
      <Filter>Source Files</Filter>
    </ClCompile>
    <ClCompile Include="om_spawnsys.c">
      <Filter>Source Files</Filter>
    </ClCompile>
    <ClCompile Include="q_math.c">
      <Filter>Source Files</Filter>
    </ClCompile>
    <ClCompile Include="q_shared.c">
      <Filter>Source Files</Filter>
    </ClCompile>
    <ClCompile Include="..\uniquebot\unique_ai.c">
      <Filter>Source Files</Filter>
    </ClCompile>
    <ClCompile Include="..\uniquebot\unique_attack.c">
      <Filter>Source Files</Filter>
    </ClCompile>
    <ClCompile Include="..\uniquebot\unique_autowaypoint.c">
      <Filter>Source Files</Filter>
    </ClCompile>
    <ClCompile Include="..\uniquebot\unique_coverspots.c">
      <Filter>Source Files</Filter>
    </ClCompile>
    <ClCompile Include="..\uniquebot\unique_fireteam_ai.c">
      <Filter>Source Files</Filter>
    </ClCompile>
    <ClCompile Include="..\uniquebot\unique_goal.c">
      <Filter>Source Files</Filter>
    </ClCompile>
    <ClCompile Include="..\uniquebot\unique_items.c">
      <Filter>Source Files</Filter>
    </ClCompile>
    <ClCompile Include="..\uniquebot\unique_mapping.c">
      <Filter>Source Files</Filter>
    </ClCompile>
    <ClCompile Include="..\uniquebot\unique_mem.c">
      <Filter>Source Files</Filter>
    </ClCompile>
    <ClCompile Include="..\uniquebot\unique_movement.c">
      <Filter>Source Files</Filter>
    </ClCompile>
    <ClCompile Include="..\uniquebot\unique_navigation.c">
      <Filter>Source Files</Filter>
    </ClCompile>
    <ClCompile Include="..\uniquebot\unique_nodes.c">
      <Filter>Source Files</Filter>
    </ClCompile>
    <ClCompile Include="..\uniquebot\unique_sp_movement.c">
      <Filter>Source Files</Filter>
    </ClCompile>
    <ClCompile Include="..\uniquebot\unique_spawn.c">
      <Filter>Source Files</Filter>
    </ClCompile>
    <ClCompile Include="..\uniquebot\unique_utils.c">
      <Filter>Source Files</Filter>
    </ClCompile>
    <ClCompile Include="..\uniquebot\unique_vehicle_ai.c">
      <Filter>Source Files</Filter>
    </ClCompile>
    <ClCompile Include="..\uniquebot\unique_visibility.c">
      <Filter>Source Files</Filter>
    </ClCompile>
  </ItemGroup>
  <ItemGroup>
    <None Include="game.def">
      <Filter>Source Files</Filter>
    </None>
  </ItemGroup>
  <ItemGroup>
    <ClInclude Include="..\botai\ai_botScriptTrigger.h">
      <Filter>Header Files</Filter>
    </ClInclude>
    <ClInclude Include="..\botai\ai_botScriptTriggerX.h">
      <Filter>Header Files</Filter>
    </ClInclude>
    <ClInclude Include="ai_cast.h">
      <Filter>Header Files</Filter>
    </ClInclude>
    <ClInclude Include="..\botai\ai_cmd.h">
      <Filter>Header Files</Filter>
    </ClInclude>
    <ClInclude Include="..\botai\ai_distances.h">
      <Filter>Header Files</Filter>
    </ClInclude>
    <ClInclude Include="..\botai\ai_dmgoal_mp.h">
      <Filter>Header Files</Filter>
    </ClInclude>
    <ClInclude Include="..\botai\ai_dmgoal_sp.h">
      <Filter>Header Files</Filter>
    </ClInclude>
    <ClInclude Include="..\botai\ai_dmnet_mp.h">
      <Filter>Header Files</Filter>
    </ClInclude>
    <ClInclude Include="..\botai\ai_dmnet_sp.h">
      <Filter>Header Files</Filter>
    </ClInclude>
    <ClInclude Include="..\botai\ai_dmq3.h">
      <Filter>Header Files</Filter>
    </ClInclude>
    <ClInclude Include="..\botai\ai_main.h">
      <Filter>Header Files</Filter>
    </ClInclude>
    <ClInclude Include="..\botai\ai_matrix.h">
      <Filter>Header Files</Filter>
    </ClInclude>
    <ClInclude Include="..\botai\ai_team.h">
      <Filter>Header Files</Filter>
    </ClInclude>
    <ClInclude Include="..\botai\ai_teamX.h">
      <Filter>Header Files</Filter>
    </ClInclude>
    <ClInclude Include="be_aas.h">
      <Filter>Header Files</Filter>
    </ClInclude>
    <ClInclude Include="be_ai_char.h">
      <Filter>Header Files</Filter>
    </ClInclude>
    <ClInclude Include="be_ai_chat.h">
      <Filter>Header Files</Filter>
    </ClInclude>
    <ClInclude Include="be_ai_gen.h">
      <Filter>Header Files</Filter>
    </ClInclude>
    <ClInclude Include="be_ai_goal.h">
      <Filter>Header Files</Filter>
    </ClInclude>
    <ClInclude Include="be_ai_move.h">
      <Filter>Header Files</Filter>
    </ClInclude>
    <ClInclude Include="be_ai_weap.h">
      <Filter>Header Files</Filter>
    </ClInclude>
    <ClInclude Include="be_ea.h">
      <Filter>Header Files</Filter>
    </ClInclude>
    <ClInclude Include="bg_classes.h">
      <Filter>Header Files</Filter>
    </ClInclude>
    <ClInclude Include="bg_local.h">
      <Filter>Header Files</Filter>
    </ClInclude>
    <ClInclude Include="bg_malloc.h">
      <Filter>Header Files</Filter>
    </ClInclude>
    <ClInclude Include="bg_public.h">
      <Filter>Header Files</Filter>
    </ClInclude>
    <ClInclude Include="..\botai\botai.h">
      <Filter>Header Files</Filter>
    </ClInclude>
    <ClInclude Include="botlib.h">
      <Filter>Header Files</Filter>
    </ClInclude>
    <ClInclude Include="..\botai\chars.h">
      <Filter>Header Files</Filter>
    </ClInclude>
    <ClInclude Include="etpro_mdx.h">
      <Filter>Header Files</Filter>
    </ClInclude>
    <ClInclude Include="etpro_mdx_lut.h">
      <Filter>Header Files</Filter>
    </ClInclude>
    <ClInclude Include="g_local.h">
      <Filter>Header Files</Filter>
    </ClInclude>
    <ClInclude Include="g_public.h">
      <Filter>Header Files</Filter>
    </ClInclude>
    <ClInclude Include="g_shrubbot.h">
      <Filter>Header Files</Filter>
    </ClInclude>
    <ClInclude Include="g_team.h">
      <Filter>Header Files</Filter>
    </ClInclude>
    <ClInclude Include="g_xpsave.h">
      <Filter>Header Files</Filter>
    </ClInclude>
    <ClInclude Include="..\botai\inv.h">
      <Filter>Header Files</Filter>
    </ClInclude>
    <ClInclude Include="..\botai\match.h">
      <Filter>Header Files</Filter>
    </ClInclude>
    <ClInclude Include="q_global_defines.h">
      <Filter>Header Files</Filter>
    </ClInclude>
    <ClInclude Include="q_shared.h">
      <Filter>Header Files</Filter>
    </ClInclude>
    <ClInclude Include="surfaceflags.h">
      <Filter>Header Files</Filter>
    </ClInclude>
    <ClInclude Include="..\botai\syn.h">
      <Filter>Header Files</Filter>
    </ClInclude>
  </ItemGroup>
</Project>