<?xml version="1.0" encoding="utf-8"?>
<Project ToolsVersion="4.0" xmlns="http://schemas.microsoft.com/developer/msbuild/2003">
  <ItemGroup>
    <Filter Include="Source Files">
      <UniqueIdentifier>{41fbd8a7-693e-4daa-88c7-a98bc6baeb1f}</UniqueIdentifier>
      <Extensions>c</Extensions>
    </Filter>
    <Filter Include="Header Files">
      <UniqueIdentifier>{def85d9a-a53e-41c1-9b08-f492b4e4e017}</UniqueIdentifier>
      <Extensions>h</Extensions>
    </Filter>
    <Filter Include="Resources">
      <UniqueIdentifier>{7424dc6c-9855-48bb-962b-22df86cc3b15}</UniqueIdentifier>
      <Extensions>rc</Extensions>
    </Filter>
  </ItemGroup>
  <ItemGroup>
    <ClCompile Include="..\game\bg_animation.c">
      <Filter>Source Files</Filter>
    </ClCompile>
    <ClCompile Include="..\game\bg_animgroup.c">
      <Filter>Source Files</Filter>
    </ClCompile>
    <ClCompile Include="..\game\bg_campaign.c">
      <Filter>Source Files</Filter>
    </ClCompile>
    <ClCompile Include="..\game\bg_character.c">
      <Filter>Source Files</Filter>
    </ClCompile>
    <ClCompile Include="..\game\bg_classes.c">
      <Filter>Source Files</Filter>
    </ClCompile>
    <ClCompile Include="..\game\bg_lib.c">
      <Filter>Source Files</Filter>
    </ClCompile>
    <ClCompile Include="..\game\bg_malloc.c">
      <Filter>Source Files</Filter>
    </ClCompile>
    <ClCompile Include="..\game\bg_misc.c">
      <Filter>Source Files</Filter>
    </ClCompile>
    <ClCompile Include="..\game\bg_pmove.c">
      <Filter>Source Files</Filter>
    </ClCompile>
    <ClCompile Include="..\game\bg_slidemove.c">
      <Filter>Source Files</Filter>
    </ClCompile>
    <ClCompile Include="..\game\bg_sscript.c">
      <Filter>Source Files</Filter>
    </ClCompile>
    <ClCompile Include="..\game\bg_stats.c">
      <Filter>Source Files</Filter>
    </ClCompile>
    <ClCompile Include="..\game\bg_tracemap.c">
      <Filter>Source Files</Filter>
    </ClCompile>
    <ClCompile Include="cg_ai_fireteam.c">
      <Filter>Source Files</Filter>
    </ClCompile>
    <ClCompile Include="cg_atmospheric.c">
      <Filter>Source Files</Filter>
    </ClCompile>
    <ClCompile Include="cg_attachment.c">
      <Filter>Source Files</Filter>
    </ClCompile>
    <ClCompile Include="cg_character.c">
      <Filter>Source Files</Filter>
    </ClCompile>
    <ClCompile Include="cg_commandmap.c">
      <Filter>Source Files</Filter>
    </ClCompile>
    <ClCompile Include="cg_consolecmds.c">
      <Filter>Source Files</Filter>
    </ClCompile>
    <ClCompile Include="cg_debriefing.c">
      <Filter>Source Files</Filter>
    </ClCompile>
    <ClCompile Include="cg_draw.c">
      <Filter>Source Files</Filter>
    </ClCompile>
    <ClCompile Include="cg_drawtools.c">
      <Filter>Source Files</Filter>
    </ClCompile>
    <ClCompile Include="cg_effects.c">
      <Filter>Source Files</Filter>
    </ClCompile>
    <ClCompile Include="cg_ents.c">
      <Filter>Source Files</Filter>
    </ClCompile>
    <ClCompile Include="cg_event.c">
      <Filter>Source Files</Filter>
    </ClCompile>
    <ClCompile Include="cg_fireteamoverlay.c">
      <Filter>Source Files</Filter>
    </ClCompile>
    <ClCompile Include="cg_fireteams.c">
      <Filter>Source Files</Filter>
    </ClCompile>
    <ClCompile Include="cg_flamethrower.c">
      <Filter>Source Files</Filter>
    </ClCompile>
    <ClCompile Include="cg_hud.c">
      <Filter>Source Files</Filter>
    </ClCompile>
    <ClCompile Include="cg_info.c">
      <Filter>Source Files</Filter>
    </ClCompile>
    <ClCompile Include="cg_limbopanel.c">
      <Filter>Source Files</Filter>
    </ClCompile>
    <ClCompile Include="cg_loadpanel.c">
      <Filter>Source Files</Filter>
    </ClCompile>
    <ClCompile Include="cg_localents.c">
      <Filter>Source Files</Filter>
    </ClCompile>
    <ClCompile Include="cg_main.c">
      <Filter>Source Files</Filter>
    </ClCompile>
    <ClCompile Include="cg_marks.c">
      <Filter>Source Files</Filter>
    </ClCompile>
    <ClCompile Include="cg_missionbriefing.c">
      <Filter>Source Files</Filter>
    </ClCompile>
    <ClCompile Include="cg_multiview.c">
      <Filter>Source Files</Filter>
    </ClCompile>
    <ClCompile Include="cg_musicengine.c">
      <Filter>Source Files</Filter>
    </ClCompile>
    <ClCompile Include="cg_newDraw.c">
      <Filter>Source Files</Filter>
    </ClCompile>
    <ClCompile Include="cg_npc.c">
      <Filter>Source Files</Filter>
    </ClCompile>
    <ClCompile Include="cg_om_flagsys.c">
      <Filter>Source Files</Filter>
    </ClCompile>
    <ClCompile Include="cg_particles.c">
      <Filter>Source Files</Filter>
    </ClCompile>
    <ClCompile Include="cg_particlesys.c">
      <Filter>Source Files</Filter>
    </ClCompile>
    <ClCompile Include="cg_particlesys_trails.c">
      <Filter>Source Files</Filter>
    </ClCompile>
    <ClCompile Include="cg_players.c">
      <Filter>Source Files</Filter>
    </ClCompile>
    <ClCompile Include="cg_playerstate.c">
      <Filter>Source Files</Filter>
    </ClCompile>
    <ClCompile Include="cg_polybus.c">
      <Filter>Source Files</Filter>
    </ClCompile>
    <ClCompile Include="cg_popupmessages.c">
      <Filter>Source Files</Filter>
    </ClCompile>
    <ClCompile Include="cg_predict.c">
      <Filter>Source Files</Filter>
    </ClCompile>
    <ClCompile Include="cg_scoreboard.c">
      <Filter>Source Files</Filter>
    </ClCompile>
    <ClCompile Include="cg_servercmds.c">
      <Filter>Source Files</Filter>
    </ClCompile>
    <ClCompile Include="cg_snapshot.c">
      <Filter>Source Files</Filter>
    </ClCompile>
    <ClCompile Include="cg_sound.c">
      <Filter>Source Files</Filter>
    </ClCompile>
    <ClCompile Include="cg_spawn.c">
      <Filter>Source Files</Filter>
    </ClCompile>
    <ClCompile Include="cg_statsranksmedals.c">
      <Filter>Source Files</Filter>
    </ClCompile>
    <ClCompile Include="cg_syscalls.c">
      <Filter>Source Files</Filter>
    </ClCompile>
    <ClCompile Include="cg_tags.c">
      <Filter>Source Files</Filter>
    </ClCompile>
    <ClCompile Include="cg_trails.c">
      <Filter>Source Files</Filter>
    </ClCompile>
    <ClCompile Include="..\uniquebot\cg_unique_autowaypoint.c">
      <Filter>Source Files</Filter>
    </ClCompile>
    <ClCompile Include="cg_unique_entities.c">
      <Filter>Source Files</Filter>
    </ClCompile>
    <ClCompile Include="cg_view.c">
      <Filter>Source Files</Filter>
    </ClCompile>
    <ClCompile Include="cg_weapons.c">
      <Filter>Source Files</Filter>
    </ClCompile>
    <ClCompile Include="cg_window.c">
      <Filter>Source Files</Filter>
    </ClCompile>
    <ClCompile Include="..\game\g_mem.c">
      <Filter>Source Files</Filter>
    </ClCompile>
    <ClCompile Include="..\game\q_math.c">
      <Filter>Source Files</Filter>
    </ClCompile>
    <ClCompile Include="..\game\q_shared.c">
      <Filter>Source Files</Filter>
    </ClCompile>
    <ClCompile Include="..\ui\ui_shared.c">
      <Filter>Source Files</Filter>
    </ClCompile>
    <ClCompile Include="..\uniquebot\unique_mem.c">
      <Filter>Source Files</Filter>
    </ClCompile>
  </ItemGroup>
  <ItemGroup>
    <ClInclude Include="bass.h">
      <Filter>Header Files</Filter>
    </ClInclude>
    <ClInclude Include="basstest.h">
      <Filter>Header Files</Filter>
    </ClInclude>
    <ClInclude Include="..\game\bg_classes.h">
      <Filter>Header Files</Filter>
    </ClInclude>
    <ClInclude Include="..\game\bg_local.h">
      <Filter>Header Files</Filter>
    </ClInclude>
    <ClInclude Include="..\game\bg_malloc.h">
      <Filter>Header Files</Filter>
    </ClInclude>
    <ClInclude Include="..\game\bg_public.h">
      <Filter>Header Files</Filter>
    </ClInclude>
    <ClInclude Include="cg_local.h">
      <Filter>Header Files</Filter>
    </ClInclude>
    <ClInclude Include="cg_public.h">
      <Filter>Header Files</Filter>
    </ClInclude>
    <ClInclude Include="..\ui\keycodes.h">
      <Filter>Header Files</Filter>
    </ClInclude>
    <ClInclude Include="..\..\main\ui\menudef.h">
      <Filter>Header Files</Filter>
    </ClInclude>
    <ClInclude Include="..\game\q_global_defines.h">
      <Filter>Header Files</Filter>
    </ClInclude>
    <ClInclude Include="..\game\q_shared.h">
      <Filter>Header Files</Filter>
    </ClInclude>
    <ClInclude Include="resource.h">
      <Filter>Header Files</Filter>
    </ClInclude>
    <ClInclude Include="..\game\surfaceflags.h">
      <Filter>Header Files</Filter>
    </ClInclude>
    <ClInclude Include="tr_types.h">
      <Filter>Header Files</Filter>
    </ClInclude>
    <ClInclude Include="..\ui\ui_shared.h">
      <Filter>Header Files</Filter>
    </ClInclude>
  </ItemGroup>
  <ItemGroup>
    <ResourceCompile Include="loadnget.rc">
      <Filter>Resources</Filter>
    </ResourceCompile>
  </ItemGroup>
  <ItemGroup>
    <None Include="bass.dll" />
    <None Include="cgame.def" />
  </ItemGroup>
</Project>